
Microsoft Visual Studio Solution File, Format Version 12.00
# Visual Studio Version 17
VisualStudioVersion = 17.10.35004.147
MinimumVisualStudioVersion = 10.0.40219.1
Project("{9A19103F-16F7-4668-BE54-9A1E7A4F7556}") = "ResultOrError", "src\ResultOrError.csproj", "{FD3A2734-638C-4EAA-B8F9-BCF96FD27B91}"
EndProject
Project("{FAE04EC0-301F-11D3-BF4B-00C04F79EFBC}") = "ResultOrError.Tests", "tests\ResultOrError.Tests.csproj", "{AA8473D1-328C-4FA8-8E2B-18E8BE943DFD}"
EndProject
Global
	GlobalSection(SolutionConfigurationPlatforms) = preSolution
		Debug|Any CPU = Debug|Any CPU
		Release|Any CPU = Release|Any CPU
	EndGlobalSection
	GlobalSection(ProjectConfigurationPlatforms) = postSolution
		{FD3A2734-638C-4EAA-B8F9-BCF96FD27B91}.Debug|Any CPU.ActiveCfg = Debug|Any CPU
		{FD3A2734-638C-4EAA-B8F9-BCF96FD27B91}.Debug|Any CPU.Build.0 = Debug|Any CPU
		{FD3A2734-638C-4EAA-B8F9-BCF96FD27B91}.Release|Any CPU.ActiveCfg = Release|Any CPU
		{FD3A2734-638C-4EAA-B8F9-BCF96FD27B91}.Release|Any CPU.Build.0 = Release|Any CPU
		{AA8473D1-328C-4FA8-8E2B-18E8BE943DFD}.Debug|Any CPU.ActiveCfg = Debug|Any CPU
		{AA8473D1-328C-4FA8-8E2B-18E8BE943DFD}.Debug|Any CPU.Build.0 = Debug|Any CPU
		{AA8473D1-328C-4FA8-8E2B-18E8BE943DFD}.Release|Any CPU.ActiveCfg = Release|Any CPU
		{AA8473D1-328C-4FA8-8E2B-18E8BE943DFD}.Release|Any CPU.Build.0 = Release|Any CPU
	EndGlobalSection
	GlobalSection(SolutionProperties) = preSolution
		HideSolutionNode = FALSE
	EndGlobalSection
	GlobalSection(ExtensibilityGlobals) = postSolution
		SolutionGuid = {F6A4B17E-D7BC-4FF1-8541-1342460ACEE2}
	EndGlobalSection
EndGlobal
